# THIS IS AN AUTOGENERATED FILE. DO NOT EDIT THIS FILE DIRECTLY.
# yarn lockfile v1


react-accessible-treeview@^2.6.1:
  version "2.6.1"
  resolved "https://registry.yarnpkg.com/react-accessible-treeview/-/react-accessible-treeview-2.6.1.tgz#f22198cb3cddf047e3698d19c051b2e80bb2bc4f"
  integrity sha512-VspZS7OEDlMWMvuJ450CMEjo9n6r7gNJ2eZYqCi6MTFKQGyJR7unqKITFmw7bbtvspbANdoqoC8+AsI7H3PaGA==
